// !$*UTF8*$!
{
	archiveVersion = 1;
	classes = {
	};
	objectVersion = 56;
	objects = {

/* Begin PBXBuildFile section */
		05D8E1E72BFCAE190069B94B /* HomePage.storyboard in Resources */ = {isa = PBXBuildFile; fileRef = 05D8E1E62BFCAE190069B94B /* HomePage.storyboard */; };
		05D8E1E92BFCAECA0069B94B /* HomePageViewController.swift in Sources */ = {isa = PBXBuildFile; fileRef = 05D8E1E82BFCAECA0069B94B /* HomePageViewController.swift */; };
		05D8E1EB2BFCAFC70069B94B /* Learning.storyboard in Resources */ = {isa = PBXBuildFile; fileRef = 05D8E1EA2BFCAFC70069B94B /* Learning.storyboard */; };
		05D8E1ED2BFCAFEC0069B94B /* LearningTableViewController.swift in Sources */ = {isa = PBXBuildFile; fileRef = 05D8E1EC2BFCAFEC0069B94B /* LearningTableViewController.swift */; };
		05D8E1EF2BFCB0770069B94B /* Profile.storyboard in Resources */ = {isa = PBXBuildFile; fileRef = 05D8E1EE2BFCB0770069B94B /* Profile.storyboard */; };
		05D8E1F12BFCB0870069B94B /* ProfileTableViewController.swift in Sources */ = {isa = PBXBuildFile; fileRef = 05D8E1F02BFCB0870069B94B /* ProfileTableViewController.swift */; };
		D5E1C5272BFCA85E0033D2C2 /* AppDelegate.swift in Sources */ = {isa = PBXBuildFile; fileRef = D5E1C5262BFCA85E0033D2C2 /* AppDelegate.swift */; };
		D5E1C5292BFCA85E0033D2C2 /* SceneDelegate.swift in Sources */ = {isa = PBXBuildFile; fileRef = D5E1C5282BFCA85E0033D2C2 /* SceneDelegate.swift */; };
		D5E1C52B2BFCA85E0033D2C2 /* ViewController.swift in Sources */ = {isa = PBXBuildFile; fileRef = D5E1C52A2BFCA85E0033D2C2 /* ViewController.swift */; };
		D5E1C52E2BFCA85E0033D2C2 /* Base in Resources */ = {isa = PBXBuildFile; fileRef = D5E1C52D2BFCA85E0033D2C2 /* Base */; };
		D5E1C5302BFCA85E0033D2C2 /* Assets.xcassets in Resources */ = {isa = PBXBuildFile; fileRef = D5E1C52F2BFCA85E0033D2C2 /* Assets.xcassets */; };
		D5E1C5332BFCA85E0033D2C2 /* Base in Resources */ = {isa = PBXBuildFile; fileRef = D5E1C5322BFCA85E0033D2C2 /* Base */; };
		D5E1C5412BFD18BC0033D2C2 /* CourseDetails.swift in Sources */ = {isa = PBXBuildFile; fileRef = D5E1C5402BFD18BC0033D2C2 /* CourseDetails.swift */; };
		D5E1C5432BFD19EF0033D2C2 /* CourseTableViewCell.swift in Sources */ = {isa = PBXBuildFile; fileRef = D5E1C5422BFD19EF0033D2C2 /* CourseTableViewCell.swift */; };
		D5E1C5452BFD21B40033D2C2 /* Courses.swift in Sources */ = {isa = PBXBuildFile; fileRef = D5E1C5442BFD21B40033D2C2 /* Courses.swift */; };
/* End PBXBuildFile section */

/* Begin PBXFileReference section */
		05D8E1E62BFCAE190069B94B /* HomePage.storyboard */ = {isa = PBXFileReference; lastKnownFileType = file.storyboard; path = HomePage.storyboard; sourceTree = "<group>"; };
		05D8E1E82BFCAECA0069B94B /* HomePageViewController.swift */ = {isa = PBXFileReference; lastKnownFileType = sourcecode.swift; path = HomePageViewController.swift; sourceTree = "<group>"; };
		05D8E1EA2BFCAFC70069B94B /* Learning.storyboard */ = {isa = PBXFileReference; lastKnownFileType = file.storyboard; path = Learning.storyboard; sourceTree = "<group>"; };
		05D8E1EC2BFCAFEC0069B94B /* LearningTableViewController.swift */ = {isa = PBXFileReference; lastKnownFileType = sourcecode.swift; path = LearningTableViewController.swift; sourceTree = "<group>"; };
		05D8E1EE2BFCB0770069B94B /* Profile.storyboard */ = {isa = PBXFileReference; lastKnownFileType = file.storyboard; path = Profile.storyboard; sourceTree = "<group>"; };
		05D8E1F02BFCB0870069B94B /* ProfileTableViewController.swift */ = {isa = PBXFileReference; lastKnownFileType = sourcecode.swift; path = ProfileTableViewController.swift; sourceTree = "<group>"; };
		D5E1C5232BFCA85E0033D2C2 /* Cybware.app */ = {isa = PBXFileReference; explicitFileType = wrapper.application; includeInIndex = 0; path = Cybware.app; sourceTree = BUILT_PRODUCTS_DIR; };
		D5E1C5262BFCA85E0033D2C2 /* AppDelegate.swift */ = {isa = PBXFileReference; lastKnownFileType = sourcecode.swift; path = AppDelegate.swift; sourceTree = "<group>"; };
		D5E1C5282BFCA85E0033D2C2 /* SceneDelegate.swift */ = {isa = PBXFileReference; lastKnownFileType = sourcecode.swift; path = SceneDelegate.swift; sourceTree = "<group>"; };
		D5E1C52A2BFCA85E0033D2C2 /* ViewController.swift */ = {isa = PBXFileReference; lastKnownFileType = sourcecode.swift; path = ViewController.swift; sourceTree = "<group>"; };
		D5E1C52D2BFCA85E0033D2C2 /* Base */ = {isa = PBXFileReference; lastKnownFileType = file.storyboard; name = Base; path = Base.lproj/Main.storyboard; sourceTree = "<group>"; };
		D5E1C52F2BFCA85E0033D2C2 /* Assets.xcassets */ = {isa = PBXFileReference; lastKnownFileType = folder.assetcatalog; path = Assets.xcassets; sourceTree = "<group>"; };
		D5E1C5322BFCA85E0033D2C2 /* Base */ = {isa = PBXFileReference; lastKnownFileType = file.storyboard; name = Base; path = Base.lproj/LaunchScreen.storyboard; sourceTree = "<group>"; };
		D5E1C5342BFCA85E0033D2C2 /* Info.plist */ = {isa = PBXFileReference; lastKnownFileType = text.plist.xml; path = Info.plist; sourceTree = "<group>"; };
		D5E1C5402BFD18BC0033D2C2 /* CourseDetails.swift */ = {isa = PBXFileReference; lastKnownFileType = sourcecode.swift; path = CourseDetails.swift; sourceTree = "<group>"; };
		D5E1C5422BFD19EF0033D2C2 /* CourseTableViewCell.swift */ = {isa = PBXFileReference; lastKnownFileType = sourcecode.swift; path = CourseTableViewCell.swift; sourceTree = "<group>"; };
		D5E1C5442BFD21B40033D2C2 /* Courses.swift */ = {isa = PBXFileReference; lastKnownFileType = sourcecode.swift; path = Courses.swift; sourceTree = "<group>"; };
/* End PBXFileReference section */

/* Begin PBXFrameworksBuildPhase section */
		D5E1C5202BFCA85E0033D2C2 /* Frameworks */ = {
			isa = PBXFrameworksBuildPhase;
			buildActionMask = 2147483647;
			files = (
			);
			runOnlyForDeploymentPostprocessing = 0;
		};
/* End PBXFrameworksBuildPhase section */

/* Begin PBXGroup section */
		D5E1C51A2BFCA85D0033D2C2 = {
			isa = PBXGroup;
			children = (
				D5E1C5252BFCA85E0033D2C2 /* Cybware */,
				D5E1C5242BFCA85E0033D2C2 /* Products */,
			);
			sourceTree = "<group>";
		};
		D5E1C5242BFCA85E0033D2C2 /* Products */ = {
			isa = PBXGroup;
			children = (
				D5E1C5232BFCA85E0033D2C2 /* Cybware.app */,
			);
			name = Products;
			sourceTree = "<group>";
		};
		D5E1C5252BFCA85E0033D2C2 /* Cybware */ = {
			isa = PBXGroup;
			children = (
				D5E1C5262BFCA85E0033D2C2 /* AppDelegate.swift */,
				D5E1C5282BFCA85E0033D2C2 /* SceneDelegate.swift */,
				D5E1C52A2BFCA85E0033D2C2 /* ViewController.swift */,
				D5E1C52C2BFCA85E0033D2C2 /* Main.storyboard */,
				D5E1C5312BFCA85E0033D2C2 /* LaunchScreen.storyboard */,
				D5E1C5342BFCA85E0033D2C2 /* Info.plist */,
				05D8E1E62BFCAE190069B94B /* HomePage.storyboard */,
				05D8E1E82BFCAECA0069B94B /* HomePageViewController.swift */,
				05D8E1EE2BFCB0770069B94B /* Profile.storyboard */,
				05D8E1F02BFCB0870069B94B /* ProfileTableViewController.swift */,
				05D8E1EA2BFCAFC70069B94B /* Learning.storyboard */,
				05D8E1EC2BFCAFEC0069B94B /* LearningTableViewController.swift */,
				D5E1C5422BFD19EF0033D2C2 /* CourseTableViewCell.swift */,
				D5E1C5402BFD18BC0033D2C2 /* CourseDetails.swift */,
				D5E1C5442BFD21B40033D2C2 /* Courses.swift */,
				D5E1C52F2BFCA85E0033D2C2 /* Assets.xcassets */,
			);
			path = Cybware;
			sourceTree = "<group>";
		};
/* End PBXGroup section */

/* Begin PBXNativeTarget section */
		D5E1C5222BFCA85E0033D2C2 /* Cybware */ = {
			isa = PBXNativeTarget;
			buildConfigurationList = D5E1C5372BFCA85E0033D2C2 /* Build configuration list for PBXNativeTarget "Cybware" */;
			buildPhases = (
				D5E1C51F2BFCA85E0033D2C2 /* Sources */,
				D5E1C5202BFCA85E0033D2C2 /* Frameworks */,
				D5E1C5212BFCA85E0033D2C2 /* Resources */,
			);
			buildRules = (
			);
			dependencies = (
			);
			name = Cybware;
			productName = Cybware;
			productReference = D5E1C5232BFCA85E0033D2C2 /* Cybware.app */;
			productType = "com.apple.product-type.application";
		};
/* End PBXNativeTarget section */

/* Begin PBXProject section */
		D5E1C51B2BFCA85E0033D2C2 /* Project object */ = {
			isa = PBXProject;
			attributes = {
				BuildIndependentTargetsInParallel = 1;
				LastSwiftUpdateCheck = 1530;
				LastUpgradeCheck = 1530;
				TargetAttributes = {
					D5E1C5222BFCA85E0033D2C2 = {
						CreatedOnToolsVersion = 15.3;
					};
				};
			};
			buildConfigurationList = D5E1C51E2BFCA85E0033D2C2 /* Build configuration list for PBXProject "Cybware" */;
			compatibilityVersion = "Xcode 14.0";
			developmentRegion = en;
			hasScannedForEncodings = 0;
			knownRegions = (
				en,
				Base,
			);
			mainGroup = D5E1C51A2BFCA85D0033D2C2;
			productRefGroup = D5E1C5242BFCA85E0033D2C2 /* Products */;
			projectDirPath = "";
			projectRoot = "";
			targets = (
				D5E1C5222BFCA85E0033D2C2 /* Cybware */,
			);
		};
/* End PBXProject section */

/* Begin PBXResourcesBuildPhase section */
		D5E1C5212BFCA85E0033D2C2 /* Resources */ = {
			isa = PBXResourcesBuildPhase;
			buildActionMask = 2147483647;
			files = (
				05D8E1EF2BFCB0770069B94B /* Profile.storyboard in Resources */,
				05D8E1EB2BFCAFC70069B94B /* Learning.storyboard in Resources */,
				05D8E1E72BFCAE190069B94B /* HomePage.storyboard in Resources */,
				D5E1C5302BFCA85E0033D2C2 /* Assets.xcassets in Resources */,
				D5E1C5332BFCA85E0033D2C2 /* Base in Resources */,
				D5E1C52E2BFCA85E0033D2C2 /* Base in Resources */,
			);
			runOnlyForDeploymentPostprocessing = 0;
		};
/* End PBXResourcesBuildPhase section */

/* Begin PBXSourcesBuildPhase section */
		D5E1C51F2BFCA85E0033D2C2 /* Sources */ = {
			isa = PBXSourcesBuildPhase;
			buildActionMask = 2147483647;
			files = (
				D5E1C5432BFD19EF0033D2C2 /* CourseTableViewCell.swift in Sources */,
				05D8E1F12BFCB0870069B94B /* ProfileTableViewController.swift in Sources */,
				05D8E1E92BFCAECA0069B94B /* HomePageViewController.swift in Sources */,
				D5E1C52B2BFCA85E0033D2C2 /* ViewController.swift in Sources */,
				D5E1C5412BFD18BC0033D2C2 /* CourseDetails.swift in Sources */,
				D5E1C5272BFCA85E0033D2C2 /* AppDelegate.swift in Sources */,
				D5E1C5292BFCA85E0033D2C2 /* SceneDelegate.swift in Sources */,
				05D8E1ED2BFCAFEC0069B94B /* LearningTableViewController.swift in Sources */,
				D5E1C5452BFD21B40033D2C2 /* Courses.swift in Sources */,
			);
			runOnlyForDeploymentPostprocessing = 0;
		};
/* End PBXSourcesBuildPhase section */

/* Begin PBXVariantGroup section */
		D5E1C52C2BFCA85E0033D2C2 /* Main.storyboard */ = {
			isa = PBXVariantGroup;
			children = (
				D5E1C52D2BFCA85E0033D2C2 /* Base */,
			);
			name = Main.storyboard;
			sourceTree = "<group>";
		};
		D5E1C5312BFCA85E0033D2C2 /* LaunchScreen.storyboard */ = {
			isa = PBXVariantGroup;
			children = (
				D5E1C5322BFCA85E0033D2C2 /* Base */,
			);
			name = LaunchScreen.storyboard;
			sourceTree = "<group>";
		};
/* End PBXVariantGroup section */

/* Begin XCBuildConfiguration section */
		D5E1C5352BFCA85E0033D2C2 /* Debug */ = {
			isa = XCBuildConfiguration;
			buildSettings = {
				ALWAYS_SEARCH_USER_PATHS = NO;
				ASSETCATALOG_COMPILER_GENERATE_SWIFT_ASSET_SYMBOL_EXTENSIONS = YES;
				CLANG_ANALYZER_NONNULL = YES;
				CLANG_ANALYZER_NUMBER_OBJECT_CONVERSION = YES_AGGRESSIVE;
				CLANG_CXX_LANGUAGE_STANDARD = "gnu++20";
				CLANG_ENABLE_MODULES = YES;
				CLANG_ENABLE_OBJC_ARC = YES;
				CLANG_ENABLE_OBJC_WEAK = YES;
				CLANG_WARN_BLOCK_CAPTURE_AUTORELEASING = YES;
				CLANG_WARN_BOOL_CONVERSION = YES;
				CLANG_WARN_COMMA = YES;
				CLANG_WARN_CONSTANT_CONVERSION = YES;
				CLANG_WARN_DEPRECATED_OBJC_IMPLEMENTATIONS = YES;
				CLANG_WARN_DIRECT_OBJC_ISA_USAGE = YES_ERROR;
				CLANG_WARN_DOCUMENTATION_COMMENTS = YES;
				CLANG_WARN_EMPTY_BODY = YES;
				CLANG_WARN_ENUM_CONVERSION = YES;
				CLANG_WARN_INFINITE_RECURSION = YES;
				CLANG_WARN_INT_CONVERSION = YES;
				CLANG_WARN_NON_LITERAL_NULL_CONVERSION = YES;
				CLANG_WARN_OBJC_IMPLICIT_RETAIN_SELF = YES;
				CLANG_WARN_OBJC_LITERAL_CONVERSION = YES;
				CLANG_WARN_OBJC_ROOT_CLASS = YES_ERROR;
				CLANG_WARN_QUOTED_INCLUDE_IN_FRAMEWORK_HEADER = YES;
				CLANG_WARN_RANGE_LOOP_ANALYSIS = YES;
				CLANG_WARN_STRICT_PROTOTYPES = YES;
				CLANG_WARN_SUSPICIOUS_MOVE = YES;
				CLANG_WARN_UNGUARDED_AVAILABILITY = YES_AGGRESSIVE;
				CLANG_WARN_UNREACHABLE_CODE = YES;
				CLANG_WARN__DUPLICATE_METHOD_MATCH = YES;
				COPY_PHASE_STRIP = NO;
				DEBUG_INFORMATION_FORMAT = dwarf;
				ENABLE_STRICT_OBJC_MSGSEND = YES;
				ENABLE_TESTABILITY = YES;
				ENABLE_USER_SCRIPT_SANDBOXING = YES;
				GCC_C_LANGUAGE_STANDARD = gnu17;
				GCC_DYNAMIC_NO_PIC = NO;
				GCC_NO_COMMON_BLOCKS = YES;
				GCC_OPTIMIZATION_LEVEL = 0;
				GCC_PREPROCESSOR_DEFINITIONS = (
					"DEBUG=1",
					"$(inherited)",
				);
				GCC_WARN_64_TO_32_BIT_CONVERSION = YES;
				GCC_WARN_ABOUT_RETURN_TYPE = YES_ERROR;
				GCC_WARN_UNDECLARED_SELECTOR = YES;
				GCC_WARN_UNINITIALIZED_AUTOS = YES_AGGRESSIVE;
				GCC_WARN_UNUSED_FUNCTION = YES;
				GCC_WARN_UNUSED_VARIABLE = YES;
				IPHONEOS_DEPLOYMENT_TARGET = 17.4;
				LOCALIZATION_PREFERS_STRING_CATALOGS = YES;
				MTL_ENABLE_DEBUG_INFO = INCLUDE_SOURCE;
				MTL_FAST_MATH = YES;
				ONLY_ACTIVE_ARCH = YES;
				SDKROOT = iphoneos;
				SWIFT_ACTIVE_COMPILATION_CONDITIONS = "DEBUG $(inherited)";
				SWIFT_OPTIMIZATION_LEVEL = "-Onone";
			};
			name = Debug;
		};
		D5E1C5362BFCA85E0033D2C2 /* Release */ = {
			isa = XCBuildConfiguration;
			buildSettings = {
				ALWAYS_SEARCH_USER_PATHS = NO;
				ASSETCATALOG_COMPILER_GENERATE_SWIFT_ASSET_SYMBOL_EXTENSIONS = YES;
				CLANG_ANALYZER_NONNULL = YES;
				CLANG_ANALYZER_NUMBER_OBJECT_CONVERSION = YES_AGGRESSIVE;
				CLANG_CXX_LANGUAGE_STANDARD = "gnu++20";
				CLANG_ENABLE_MODULES = YES;
				CLANG_ENABLE_OBJC_ARC = YES;
				CLANG_ENABLE_OBJC_WEAK = YES;
				CLANG_WARN_BLOCK_CAPTURE_AUTORELEASING = YES;
				CLANG_WARN_BOOL_CONVERSION = YES;
				CLANG_WARN_COMMA = YES;
				CLANG_WARN_CONSTANT_CONVERSION = YES;
				CLANG_WARN_DEPRECATED_OBJC_IMPLEMENTATIONS = YES;
				CLANG_WARN_DIRECT_OBJC_ISA_USAGE = YES_ERROR;
				CLANG_WARN_DOCUMENTATION_COMMENTS = YES;
				CLANG_WARN_EMPTY_BODY = YES;
				CLANG_WARN_ENUM_CONVERSION = YES;
				CLANG_WARN_INFINITE_RECURSION = YES;
				CLANG_WARN_INT_CONVERSION = YES;
				CLANG_WARN_NON_LITERAL_NULL_CONVERSION = YES;
				CLANG_WARN_OBJC_IMPLICIT_RETAIN_SELF = YES;
				CLANG_WARN_OBJC_LITERAL_CONVERSION = YES;
				CLANG_WARN_OBJC_ROOT_CLASS = YES_ERROR;
				CLANG_WARN_QUOTED_INCLUDE_IN_FRAMEWORK_HEADER = YES;
				CLANG_WARN_RANGE_LOOP_ANALYSIS = YES;
				CLANG_WARN_STRICT_PROTOTYPES = YES;
				CLANG_WARN_SUSPICIOUS_MOVE = YES;
				CLANG_WARN_UNGUARDED_AVAILABILITY = YES_AGGRESSIVE;
				CLANG_WARN_UNREACHABLE_CODE = YES;
				CLANG_WARN__DUPLICATE_METHOD_MATCH = YES;
				COPY_PHASE_STRIP = NO;
				DEBUG_INFORMATION_FORMAT = "dwarf-with-dsym";
				ENABLE_NS_ASSERTIONS = NO;
				ENABLE_STRICT_OBJC_MSGSEND = YES;
				ENABLE_USER_SCRIPT_SANDBOXING = YES;
				GCC_C_LANGUAGE_STANDARD = gnu17;
				GCC_NO_COMMON_BLOCKS = YES;
				GCC_WARN_64_TO_32_BIT_CONVERSION = YES;
				GCC_WARN_ABOUT_RETURN_TYPE = YES_ERROR;
				GCC_WARN_UNDECLARED_SELECTOR = YES;
				GCC_WARN_UNINITIALIZED_AUTOS = YES_AGGRESSIVE;
				GCC_WARN_UNUSED_FUNCTION = YES;
				GCC_WARN_UNUSED_VARIABLE = YES;
				IPHONEOS_DEPLOYMENT_TARGET = 17.4;
				LOCALIZATION_PREFERS_STRING_CATALOGS = YES;
				MTL_ENABLE_DEBUG_INFO = NO;
				MTL_FAST_MATH = YES;
				SDKROOT = iphoneos;
				SWIFT_COMPILATION_MODE = wholemodule;
				VALIDATE_PRODUCT = YES;
			};
			name = Release;
		};
		D5E1C5382BFCA85E0033D2C2 /* Debug */ = {
			isa = XCBuildConfiguration;
			buildSettings = {
				ASSETCATALOG_COMPILER_APPICON_NAME = AppIcon;
				ASSETCATALOG_COMPILER_GLOBAL_ACCENT_COLOR_NAME = AccentColor;
				CODE_SIGN_STYLE = Automatic;
				CURRENT_PROJECT_VERSION = 1;
				GENERATE_INFOPLIST_FILE = YES;
				INFOPLIST_FILE = Cybware/Info.plist;
				INFOPLIST_KEY_UIApplicationSupportsIndirectInputEvents = YES;
				INFOPLIST_KEY_UILaunchStoryboardName = LaunchScreen;
				INFOPLIST_KEY_UIMainStoryboardFile = Main;
				INFOPLIST_KEY_UISupportedInterfaceOrientations_iPad = "UIInterfaceOrientationPortrait UIInterfaceOrientationPortraitUpsideDown UIInterfaceOrientationLandscapeLeft UIInterfaceOrientationLandscapeRight";
				INFOPLIST_KEY_UISupportedInterfaceOrientations_iPhone = "UIInterfaceOrientationPortrait UIInterfaceOrientationLandscapeLeft UIInterfaceOrientationLandscapeRight";
				LD_RUNPATH_SEARCH_PATHS = (
					"$(inherited)",
					"@executable_path/Frameworks",
				);
				MARKETING_VERSION = 1.0;
				PRODUCT_BUNDLE_IDENTIFIER = mac.Cybware;
				PRODUCT_NAME = "$(TARGET_NAME)";
				SWIFT_EMIT_LOC_STRINGS = YES;
				SWIFT_VERSION = 5.0;
				TARGETED_DEVICE_FAMILY = "1,2";
			};
			name = Debug;
		};
		D5E1C5392BFCA85E0033D2C2 /* Release */ = {
			isa = XCBuildConfiguration;
			buildSettings = {
				ASSETCATALOG_COMPILER_APPICON_NAME = AppIcon;
				ASSETCATALOG_COMPILER_GLOBAL_ACCENT_COLOR_NAME = AccentColor;
				CODE_SIGN_STYLE = Automatic;
				CURRENT_PROJECT_VERSION = 1;
				GENERATE_INFOPLIST_FILE = YES;
				INFOPLIST_FILE = Cybware/Info.plist;
				INFOPLIST_KEY_UIApplicationSupportsIndirectInputEvents = YES;
				INFOPLIST_KEY_UILaunchStoryboardName = LaunchScreen;
				INFOPLIST_KEY_UIMainStoryboardFile = Main;
				INFOPLIST_KEY_UISupportedInterfaceOrientations_iPad = "UIInterfaceOrientationPortrait UIInterfaceOrientationPortraitUpsideDown UIInterfaceOrientationLandscapeLeft UIInterfaceOrientationLandscapeRight";
				INFOPLIST_KEY_UISupportedInterfaceOrientations_iPhone = "UIInterfaceOrientationPortrait UIInterfaceOrientationLandscapeLeft UIInterfaceOrientationLandscapeRight";
				LD_RUNPATH_SEARCH_PATHS = (
					"$(inherited)",
					"@executable_path/Frameworks",
				);
				MARKETING_VERSION = 1.0;
				PRODUCT_BUNDLE_IDENTIFIER = mac.Cybware;
				PRODUCT_NAME = "$(TARGET_NAME)";
				SWIFT_EMIT_LOC_STRINGS = YES;
				SWIFT_VERSION = 5.0;
				TARGETED_DEVICE_FAMILY = "1,2";
			};
			name = Release;
		};
/* End XCBuildConfiguration section */

/* Begin XCConfigurationList section */
		D5E1C51E2BFCA85E0033D2C2 /* Build configuration list for PBXProject "Cybware" */ = {
			isa = XCConfigurationList;
			buildConfigurations = (
				D5E1C5352BFCA85E0033D2C2 /* Debug */,
				D5E1C5362BFCA85E0033D2C2 /* Release */,
			);
			defaultConfigurationIsVisible = 0;
			defaultConfigurationName = Release;
		};
		D5E1C5372BFCA85E0033D2C2 /* Build configuration list for PBXNativeTarget "Cybware" */ = {
			isa = XCConfigurationList;
			buildConfigurations = (
				D5E1C5382BFCA85E0033D2C2 /* Debug */,
				D5E1C5392BFCA85E0033D2C2 /* Release */,
			);
			defaultConfigurationIsVisible = 0;
			defaultConfigurationName = Release;
		};
/* End XCConfigurationList section */
	};
	rootObject = D5E1C51B2BFCA85E0033D2C2 /* Project object */;
}
